<?xml version="1.0" encoding="UTF-8" standalone="yes" ?>
<CodeBlocks_project_file>
	<FileVersion major="1" minor="6" />
	<Project>
		<Option title="projeto" />
		<Option pch_mode="2" />
		<Option compiler="gcc" />
		<Build>
			<Target title="Debug">
				<Option output="bin/Debug/projeto" prefix_auto="1" extension_auto="1" />
				<Option object_output="obj/Debug/" />
				<Option type="1" />
				<Option compiler="gcc" />
				<Compiler>
					<Add option="-g" />
				</Compiler>
			</Target>
			<Target title="Release">
				<Option output="bin/Release/projeto" prefix_auto="1" extension_auto="1" />
				<Option object_output="obj/Release/" />
				<Option type="1" />
				<Option compiler="gcc" />
				<Compiler>
					<Add option="-O2" />
				</Compiler>
				<Linker>
					<Add option="-s" />
				</Linker>
			</Target>
		</Build>
		<Compiler>
			<Add option="-Wall" />
			<Add option="-fexceptions" />
			<Add directory="search-ms:displayname=Resultados%20da%20Pesquisa%20em%20include&amp;crumb=Nomedoarquivo%3A~&lt;raylib.h%20OU%20Qualquertexto%3Araylib.h&amp;crumb=location:C%3A%5CUsers%5Calyss%5CDownloads%5CResta-Um-main%20(1)%5CResta-Um-main%5CRaylib%5Csrc%5Cexternal%5Cglfw%5Cinclude" />
		</Compiler>
		<Linker>
			<Add library="raylib" />
			<Add library="winmm" />
			<Add library="gdi32" />
			<Add library="opengl32" />
		</Linker>
		<Unit filename="C:/Users/alyss/Downloads/Resta-Um-main (1)/Resta-Um-main/projetoAtual/projeto/main.cpp" />
		<Unit filename="C:/Users/alyss/Downloads/Resta-Um-main (1)/Resta-Um-main/projetoAtual/projeto/projeto.h" />
		<Extensions>
			<lib_finder disable_auto="1" />
		</Extensions>
	</Project>
</CodeBlocks_project_file>
